{
	"name": "z80-test",
	"version": "2.0.1",
	"lockfileVersion": 2,
	"requires": true,
	"packages": {
		"": {
			"name": "z80-test",
			"version": "2.0.1",
			"license": "MIT",
			"devDependencies": {
				"@types/node": "^13.1.1"
			}
		},
		"node_modules/@types/node": {
			"version": "13.13.52",
			"resolved": "https://registry.npmjs.org/@types/node/-/node-13.13.52.tgz",
			"integrity": "sha512-s3nugnZumCC//n4moGGe6tkNMyYEdaDBitVjwPxXmR5lnMG5dHePinH2EdxkG3Rh1ghFHHixAG4NJhpJW1rthQ==",
			"dev": true
		}
	},
	"dependencies": {
		"@types/node": {
			"version": "13.13.52",
			"resolved": "https://registry.npmjs.org/@types/node/-/node-13.13.52.tgz",
			"integrity": "sha512-s3nugnZumCC//n4moGGe6tkNMyYEdaDBitVjwPxXmR5lnMG5dHePinH2EdxkG3Rh1ghFHHixAG4NJhpJW1rthQ==",
			"dev": true
		}
	}
}
