{
	"name": "trs80-base",
	"version": "2.3.1",
	"lockfileVersion": 2,
	"requires": true,
	"packages": {
		"": {
			"name": "trs80-base",
			"version": "2.3.1",
			"license": "MIT",
			"devDependencies": {
				"@types/node": "^12.12.21"
			}
		},
		"node_modules/@types/node": {
			"version": "12.20.47",
			"resolved": "https://registry.npmjs.org/@types/node/-/node-12.20.47.tgz",
			"integrity": "sha512-BzcaRsnFuznzOItW1WpQrDHM7plAa7GIDMZ6b5pnMbkqEtM/6WCOhvZar39oeMQP79gwvFUWjjptE7/KGcNqFg==",
			"dev": true
		}
	},
	"dependencies": {
		"@types/node": {
			"version": "12.20.47",
			"resolved": "https://registry.npmjs.org/@types/node/-/node-12.20.47.tgz",
			"integrity": "sha512-BzcaRsnFuznzOItW1WpQrDHM7plAa7GIDMZ6b5pnMbkqEtM/6WCOhvZar39oeMQP79gwvFUWjjptE7/KGcNqFg==",
			"dev": true
		}
	}
}
