{
  "name": "trs80-emulator",
  "version": "1.0.0",
  "lockfileVersion": 1,
  "requires": true,
  "dependencies": {
    "@rollup/plugin-node-resolve": {
      "version": "6.0.0",
      "resolved": "https://registry.npmjs.org/@rollup/plugin-node-resolve/-/plugin-node-resolve-6.0.0.tgz",
      "integrity": "sha512-GqWz1CfXOsqpeVMcoM315+O7zMxpRsmhWyhJoxLFHVSp9S64/u02i7len/FnbTNbmgYs+sZyilasijH8UiuboQ==",
      "dev": true,
      "requires": {
        "@rollup/pluginutils": "^3.0.0",
        "@types/resolve": "0.0.8",
        "builtin-modules": "^3.1.0",
        "is-module": "^1.0.0",
        "resolve": "^1.11.1"
      }
    },
    "@rollup/plugin-typescript": {
      "version": "2.0.1",
      "resolved": "https://registry.npmjs.org/@rollup/plugin-typescript/-/plugin-typescript-2.0.1.tgz",
      "integrity": "sha512-UA/bN/DlHN19xdOllXmp7G7pM2ac9dQMg0q2T1rg4Bogzb7oHXj2WGafpiNpEm54PivcJdzGRJvRnI6zCISW3w==",
      "dev": true,
      "requires": {
        "@rollup/pluginutils": "^3.0.0",
        "resolve": "^1.12.2"
      }
    },
    "@rollup/pluginutils": {
      "version": "3.0.1",
      "resolved": "https://registry.npmjs.org/@rollup/pluginutils/-/pluginutils-3.0.1.tgz",
      "integrity": "sha512-PmNurkecagFimv7ZdKCVOfQuqKDPkrcpLFxRBcQ00LYr4HAjJwhCFxBiY2Xoletll2htTIiXBg6g0Yg21h2M3w==",
      "dev": true,
      "requires": {
        "estree-walker": "^0.6.1"
      }
    },
    "@types/estree": {
      "version": "0.0.41",
      "resolved": "https://registry.npmjs.org/@types/estree/-/estree-0.0.41.tgz",
      "integrity": "sha512-rIAmXyJlqw4KEBO7+u9gxZZSQHaCNnIzYrnNmYVpgfJhxTqO0brCX0SYpqUTkVI5mwwUwzmtspLBGBKroMeynA==",
      "dev": true
    },
    "@types/node": {
      "version": "13.1.1",
      "resolved": "https://registry.npmjs.org/@types/node/-/node-13.1.1.tgz",
      "integrity": "sha512-hx6zWtudh3Arsbl3cXay+JnkvVgCKzCWKv42C9J01N2T2np4h8w5X8u6Tpz5mj38kE3M9FM0Pazx8vKFFMnjLQ==",
      "dev": true
    },
    "@types/resolve": {
      "version": "0.0.8",
      "resolved": "https://registry.npmjs.org/@types/resolve/-/resolve-0.0.8.tgz",
      "integrity": "sha512-auApPaJf3NPfe18hSoJkp8EbZzer2ISk7o8mCC3M9he/a04+gbMF97NkpD2S8riMGvm4BMRI59/SZQSaLTKpsQ==",
      "dev": true,
      "requires": {
        "@types/node": "*"
      }
    },
    "builtin-modules": {
      "version": "3.1.0",
      "resolved": "https://registry.npmjs.org/builtin-modules/-/builtin-modules-3.1.0.tgz",
      "integrity": "sha512-k0KL0aWZuBt2lrxrcASWDfwOLMnodeQjodT/1SxEQAXsHANgo6ZC/VEaSEHCXt7aSTZ4/4H5LKa+tBXmW7Vtvw==",
      "dev": true
    },
    "estree-walker": {
      "version": "0.6.1",
      "resolved": "https://registry.npmjs.org/estree-walker/-/estree-walker-0.6.1.tgz",
      "integrity": "sha512-SqmZANLWS0mnatqbSfRP5g8OXZC12Fgg1IwNtLsyHDzJizORW4khDfjPqJZsemPWBB2uqykUah5YpQ6epsqC/w==",
      "dev": true
    },
    "is-module": {
      "version": "1.0.0",
      "resolved": "https://registry.npmjs.org/is-module/-/is-module-1.0.0.tgz",
      "integrity": "sha1-Mlj7afeMFNW4FdZkM2tM/7ZEFZE=",
      "dev": true
    },
    "path-parse": {
      "version": "1.0.6",
      "resolved": "https://registry.npmjs.org/path-parse/-/path-parse-1.0.6.tgz",
      "integrity": "sha512-GSmOT2EbHrINBf9SR7CDELwlJ8AENk3Qn7OikK4nFYAu3Ote2+JYNVvkpAEQm3/TLNEJFD/xZJjzyxg3KBWOzw==",
      "dev": true
    },
    "resolve": {
      "version": "1.14.1",
      "resolved": "https://registry.npmjs.org/resolve/-/resolve-1.14.1.tgz",
      "integrity": "sha512-fn5Wobh4cxbLzuHaE+nphztHy43/b++4M6SsGFC2gB8uYwf0C8LcarfCz1un7UTW8OFQg9iNjZ4xpcFVGebDPg==",
      "dev": true,
      "requires": {
        "path-parse": "^1.0.6"
      }
    },
    "rollup": {
      "version": "1.27.14",
      "resolved": "https://registry.npmjs.org/rollup/-/rollup-1.27.14.tgz",
      "integrity": "sha512-DuDjEyn8Y79ALYXMt+nH/EI58L5pEw5HU9K38xXdRnxQhvzUTI/nxAawhkAHUQeudANQ//8iyrhVRHJBuR6DSQ==",
      "dev": true,
      "requires": {
        "@types/estree": "*",
        "@types/node": "*",
        "acorn": "^7.1.0"
      },
      "dependencies": {
        "acorn": {
          "version": "7.1.0",
          "resolved": "https://registry.npmjs.org/acorn/-/acorn-7.1.0.tgz",
          "integrity": "sha512-kL5CuoXA/dgxlBbVrflsflzQ3PAas7RYZB52NOm/6839iVYJgKMJ3cQJD+t2i5+qFa8h3MDpEOJiS64E8JLnSQ==",
          "dev": true
        }
      }
    },
    "tslib": {
      "version": "1.10.0",
      "resolved": "https://registry.npmjs.org/tslib/-/tslib-1.10.0.tgz",
      "integrity": "sha512-qOebF53frne81cf0S9B41ByenJ3/IuH8yJKngAX35CmiZySA0khhkovshKK+jGCaMnVomla7gVlIcc3EvKPbTQ==",
      "dev": true
    },
    "typescript": {
      "version": "3.7.4",
      "resolved": "https://registry.npmjs.org/typescript/-/typescript-3.7.4.tgz",
      "integrity": "sha512-A25xv5XCtarLwXpcDNZzCGvW2D1S3/bACratYBx2sax8PefsFhlYmkQicKHvpYflFS8if4zne5zT5kpJ7pzuvw==",
      "dev": true
    },
    "z80-base": {
      "version": "1.0.2",
      "resolved": "https://registry.npmjs.org/z80-base/-/z80-base-1.0.2.tgz",
      "integrity": "sha512-SRCZo2jqwmvTWjkygzu1edolsk/wuJZZJjs4KSrssJDv2c603oWz8kFfy5FIA59e3TcEsq5BB6RBe7tki37zcQ=="
    },
    "z80-emulator": {
      "version": "1.0.1",
      "resolved": "https://registry.npmjs.org/z80-emulator/-/z80-emulator-1.0.1.tgz",
      "integrity": "sha512-x2n2hqbrmAf8eyPfC79kHxTcXX27BpujL7Uf6nV1KSgeW7hyaou6iSndlyn43AQ7jelCPb2B0wXm0wWunT03lg==",
      "requires": {
        "z80-base": "^1.0.2"
      }
    }
  }
}
