{
	"name": "trs80-emulator",
	"version": "2.3.1",
	"lockfileVersion": 2,
	"requires": true,
	"packages": {
		"": {
			"name": "trs80-emulator",
			"version": "2.3.1",
			"license": "MIT",
			"dependencies": {
				"strongly-typed-events": "^1.7.3",
				"teamten-ts-utils": "^1.0.1"
			}
		},
		"node_modules/strongly-typed-events": {
			"version": "1.7.3",
			"resolved": "https://registry.npmjs.org/strongly-typed-events/-/strongly-typed-events-1.7.3.tgz",
			"integrity": "sha512-mi3wDX4091wm4k+Cy4mLDC9Lxz3DSSunk2Qyya+H4hUNKYgx8uMjQ6/Hc7ODnf82X3JJxYMwOFtL+t+4DD67xw==",
			"dependencies": {
				"ste-core": "^1.7.2",
				"ste-events": "^1.7.2",
				"ste-signals": "^1.7.2",
				"ste-simple-events": "^1.7.2"
			},
			"engines": {
				"node": ">=4.2.4"
			}
		},
		"node_modules/strongly-typed-events/node_modules/ste-core": {
			"version": "1.7.3",
			"resolved": "https://registry.npmjs.org/ste-core/-/ste-core-1.7.3.tgz",
			"integrity": "sha512-DP3BMV+NkTP1ayvIOgNkp+sbbBVPWhuYR9xuybIckL/lHt+fIZUaisFmI+0UumaGTDWLTmk6Ybck023dKvwGiw==",
			"engines": {
				"node": ">=4.2.4"
			}
		},
		"node_modules/strongly-typed-events/node_modules/ste-events": {
			"version": "1.7.3",
			"resolved": "https://registry.npmjs.org/ste-events/-/ste-events-1.7.3.tgz",
			"integrity": "sha512-NzBVnia03U6xmfY3cq9OdCiiARPDa8mqy2+rvvlY2+7flJlG8gzW29bTKyvcdGbj+DD+9YVgk8WRVFj+97m9zA==",
			"dependencies": {
				"ste-core": "^1.7.2"
			},
			"engines": {
				"node": ">=4.2.4"
			}
		},
		"node_modules/strongly-typed-events/node_modules/ste-signals": {
			"version": "1.7.3",
			"resolved": "https://registry.npmjs.org/ste-signals/-/ste-signals-1.7.3.tgz",
			"integrity": "sha512-txRXUM8XWRLc+apwVlIpdquR45H/jqFaO02Bg/Co+vaWndnLxwUpQmPfg2sFEX18pc4IdM0zxitUKIxLneu3Qw==",
			"dependencies": {
				"ste-core": "^1.7.2"
			},
			"engines": {
				"node": ">=4.2.4"
			}
		},
		"node_modules/strongly-typed-events/node_modules/ste-simple-events": {
			"version": "1.7.3",
			"resolved": "https://registry.npmjs.org/ste-simple-events/-/ste-simple-events-1.7.3.tgz",
			"integrity": "sha512-QgtEQE0tG4BEkn+WWewOwz4GYvZQrPPczhkzxMmh5KKMsIwbb/kryH71/nbKEUJ5/FZUwXqsMLLM2Ugrg08EvQ==",
			"dependencies": {
				"ste-core": "^1.7.2"
			},
			"engines": {
				"node": ">=4.2.4"
			}
		},
		"node_modules/teamten-ts-utils": {
			"version": "1.0.3",
			"resolved": "https://registry.npmjs.org/teamten-ts-utils/-/teamten-ts-utils-1.0.3.tgz",
			"integrity": "sha512-3l/Fs3C2pada2lhypfhwP74aTipOiJ1gQI1E4LAPDI31FLp0ZzZLNn31IgaPHmoI+GHhS7xzquBvn/q4x35k1A=="
		}
	},
	"dependencies": {
		"strongly-typed-events": {
			"version": "1.7.3",
			"resolved": "https://registry.npmjs.org/strongly-typed-events/-/strongly-typed-events-1.7.3.tgz",
			"integrity": "sha512-mi3wDX4091wm4k+Cy4mLDC9Lxz3DSSunk2Qyya+H4hUNKYgx8uMjQ6/Hc7ODnf82X3JJxYMwOFtL+t+4DD67xw==",
			"requires": {
				"ste-core": "^1.7.2",
				"ste-events": "^1.7.2",
				"ste-signals": "^1.7.2",
				"ste-simple-events": "^1.7.2"
			},
			"dependencies": {
				"ste-core": {
					"version": "1.7.3",
					"resolved": "https://registry.npmjs.org/ste-core/-/ste-core-1.7.3.tgz",
					"integrity": "sha512-DP3BMV+NkTP1ayvIOgNkp+sbbBVPWhuYR9xuybIckL/lHt+fIZUaisFmI+0UumaGTDWLTmk6Ybck023dKvwGiw=="
				},
				"ste-events": {
					"version": "1.7.3",
					"resolved": "https://registry.npmjs.org/ste-events/-/ste-events-1.7.3.tgz",
					"integrity": "sha512-NzBVnia03U6xmfY3cq9OdCiiARPDa8mqy2+rvvlY2+7flJlG8gzW29bTKyvcdGbj+DD+9YVgk8WRVFj+97m9zA==",
					"requires": {
						"ste-core": "^1.7.2"
					}
				},
				"ste-signals": {
					"version": "1.7.3",
					"resolved": "https://registry.npmjs.org/ste-signals/-/ste-signals-1.7.3.tgz",
					"integrity": "sha512-txRXUM8XWRLc+apwVlIpdquR45H/jqFaO02Bg/Co+vaWndnLxwUpQmPfg2sFEX18pc4IdM0zxitUKIxLneu3Qw==",
					"requires": {
						"ste-core": "^1.7.2"
					}
				},
				"ste-simple-events": {
					"version": "1.7.3",
					"resolved": "https://registry.npmjs.org/ste-simple-events/-/ste-simple-events-1.7.3.tgz",
					"integrity": "sha512-QgtEQE0tG4BEkn+WWewOwz4GYvZQrPPczhkzxMmh5KKMsIwbb/kryH71/nbKEUJ5/FZUwXqsMLLM2Ugrg08EvQ==",
					"requires": {
						"ste-core": "^1.7.2"
					}
				}
			}
		},
		"teamten-ts-utils": {
			"version": "1.0.3",
			"resolved": "https://registry.npmjs.org/teamten-ts-utils/-/teamten-ts-utils-1.0.3.tgz",
			"integrity": "sha512-3l/Fs3C2pada2lhypfhwP74aTipOiJ1gQI1E4LAPDI31FLp0ZzZLNn31IgaPHmoI+GHhS7xzquBvn/q4x35k1A=="
		}
	}
}
